// !$*UTF8*$!
{
	archiveVersion = 1;
	classes = {
	};
	objectVersion = 46;
	objects = {

/* Begin PBXBuildFile section */
		9F1293561ECAF41C009483F7 /* AudioToolbox.framework in Frameworks */ = {isa = PBXBuildFile; fileRef = 9F12933B1ECAD97B009483F7 /* AudioToolbox.framework */; };
		9F1293571ECAF426009483F7 /* AVFoundation.framework in Frameworks */ = {isa = PBXBuildFile; fileRef = 9F12933D1ECAD985009483F7 /* AVFoundation.framework */; };
		9F1293581ECAF455009483F7 /* CoreGraphics.framework in Frameworks */ = {isa = PBXBuildFile; fileRef = 9F12933F1ECAD98F009483F7 /* CoreGraphics.framework */; };
		9F1293591ECAF455009483F7 /* CoreMedia.framework in Frameworks */ = {isa = PBXBuildFile; fileRef = 9F1293411ECAD999009483F7 /* CoreMedia.framework */; };
		9F12935A1ECAF455009483F7 /* CoreVideo.framework in Frameworks */ = {isa = PBXBuildFile; fileRef = 9F1293431ECAD9AE009483F7 /* CoreVideo.framework */; };
		9F12935B1ECAF45D009483F7 /* libz.tbd in Frameworks */ = {isa = PBXBuildFile; fileRef = 9F1293371ECAD966009483F7 /* libz.tbd */; };
		9F12935C1ECAF466009483F7 /* libbz2.tbd in Frameworks */ = {isa = PBXBuildFile; fileRef = 9F1293391ECAD970009483F7 /* libbz2.tbd */; };
		9F12935D1ECAF48F009483F7 /* MediaPlayer.framework in Frameworks */ = {isa = PBXBuildFile; fileRef = 9F1293451ECAD9CA009483F7 /* MediaPlayer.framework */; };
		9F12935E1ECAF48F009483F7 /* MobileCoreServices.framework in Frameworks */ = {isa = PBXBuildFile; fileRef = 9F1293471ECAD9D7009483F7 /* MobileCoreServices.framework */; };
		9F12935F1ECAF48F009483F7 /* OpenGLES.framework in Frameworks */ = {isa = PBXBuildFile; fileRef = 9F1293491ECAD9DF009483F7 /* OpenGLES.framework */; };
		9F1293601ECAF48F009483F7 /* QuartzCore.framework in Frameworks */ = {isa = PBXBuildFile; fileRef = 9F12934B1ECAD9EC009483F7 /* QuartzCore.framework */; };
		9F1293611ECAF48F009483F7 /* UIKit.framework in Frameworks */ = {isa = PBXBuildFile; fileRef = 9F12934D1ECAD9F2009483F7 /* UIKit.framework */; };
		9F1293621ECAF48F009483F7 /* VideoToolbox.framework in Frameworks */ = {isa = PBXBuildFile; fileRef = 9F12934F1ECAD9FA009483F7 /* VideoToolbox.framework */; };
		9F38EEA81ED5565D00CE8FB7 /* UIImage+color.swift in Sources */ = {isa = PBXBuildFile; fileRef = 9F38EEA71ED5565D00CE8FB7 /* UIImage+color.swift */; };
		9F38EEAA1ED5576400CE8FB7 /* UIView+Frame.swift in Sources */ = {isa = PBXBuildFile; fileRef = 9F38EEA91ED5576400CE8FB7 /* UIView+Frame.swift */; };
		9F598D521ECC15880068348A /* IJKMediaFramework.framework in Frameworks */ = {isa = PBXBuildFile; fileRef = 9F598D511ECC15880068348A /* IJKMediaFramework.framework */; };
		9F598D591ECC18C20068348A /* libstdc++.tbd in Frameworks */ = {isa = PBXBuildFile; fileRef = 9F598D581ECC18C20068348A /* libstdc++.tbd */; };
		9F598D661ECC36990068348A /* SXLaunxhViewController.swift in Sources */ = {isa = PBXBuildFile; fileRef = 9F598D641ECC36990068348A /* SXLaunxhViewController.swift */; };
		9F598D691ECC37460068348A /* Image.xcassets in Resources */ = {isa = PBXBuildFile; fileRef = 9F598D681ECC37460068348A /* Image.xcassets */; };
		9F598D711ECC4C840068348A /* SXLaunxhViewController.xib in Resources */ = {isa = PBXBuildFile; fileRef = 9F598D701ECC4C840068348A /* SXLaunxhViewController.xib */; };
		9F598D751ECC4FB40068348A /* Main.storyboard in Resources */ = {isa = PBXBuildFile; fileRef = 9F598D741ECC4FB40068348A /* Main.storyboard */; };
		9F598D7C1ECC5A490068348A /* Home.storyboard in Resources */ = {isa = PBXBuildFile; fileRef = 9F598D7B1ECC5A490068348A /* Home.storyboard */; };
		9F598D7E1ECC5AA30068348A /* Category.storyboard in Resources */ = {isa = PBXBuildFile; fileRef = 9F598D7D1ECC5AA30068348A /* Category.storyboard */; };
		9F598D801ECC5AB70068348A /* Pagasus.storyboard in Resources */ = {isa = PBXBuildFile; fileRef = 9F598D7F1ECC5AB70068348A /* Pagasus.storyboard */; };
		9F598D821ECC5AC80068348A /* Discovery.storyboard in Resources */ = {isa = PBXBuildFile; fileRef = 9F598D811ECC5AC80068348A /* Discovery.storyboard */; };
		9F598D841ECC5AD50068348A /* Mine.storyboard in Resources */ = {isa = PBXBuildFile; fileRef = 9F598D831ECC5AD50068348A /* Mine.storyboard */; };
		9F598D871ECC60910068348A /* BaseViewController.swift in Sources */ = {isa = PBXBuildFile; fileRef = 9F598D861ECC60910068348A /* BaseViewController.swift */; };
		9F598D891ECC60B60068348A /* BaseNavigationController.swift in Sources */ = {isa = PBXBuildFile; fileRef = 9F598D881ECC60B60068348A /* BaseNavigationController.swift */; };
		9F598D8B1ECC60DD0068348A /* BaseTabBarController.swift in Sources */ = {isa = PBXBuildFile; fileRef = 9F598D8A1ECC60DD0068348A /* BaseTabBarController.swift */; };
		9F6806F51ED3E6E5003EFCBD /* LiveViewController.swift in Sources */ = {isa = PBXBuildFile; fileRef = 9F6806F41ED3E6E5003EFCBD /* LiveViewController.swift */; };
		9F6806F71ED3FD90003EFCBD /* LiveCollectionViewCell.swift in Sources */ = {isa = PBXBuildFile; fileRef = 9F6806F61ED3FD90003EFCBD /* LiveCollectionViewCell.swift */; };
		9F6806F91ED40A9A003EFCBD /* extension.swift in Sources */ = {isa = PBXBuildFile; fileRef = 9F6806F81ED40A9A003EFCBD /* extension.swift */; };
		9F6806FB1ED410DB003EFCBD /* ViewModelType.swift in Sources */ = {isa = PBXBuildFile; fileRef = 9F6806FA1ED410DB003EFCBD /* ViewModelType.swift */; };
		9F6806FD1ED4158F003EFCBD /* Observable+Ext.swift in Sources */ = {isa = PBXBuildFile; fileRef = 9F6806FC1ED4158F003EFCBD /* Observable+Ext.swift */; };
		9F6806FF1ED4275B003EFCBD /* SXBilibiliNormalRefresh.swift in Sources */ = {isa = PBXBuildFile; fileRef = 9F6806FE1ED4275B003EFCBD /* SXBilibiliNormalRefresh.swift */; };
		9F6DDF401ED5BD3800BFB0C4 /* LivePortraitToolView.swift in Sources */ = {isa = PBXBuildFile; fileRef = 9F6DDF3F1ED5BD3800BFB0C4 /* LivePortraitToolView.swift */; };
		9F6DDF421ED5BD8D00BFB0C4 /* LivePortraitToolView.xib in Resources */ = {isa = PBXBuildFile; fileRef = 9F6DDF411ED5BD8D00BFB0C4 /* LivePortraitToolView.xib */; };
		9F8C563E1ECD38570036E993 /* HomeViewController.swift in Sources */ = {isa = PBXBuildFile; fileRef = 9F8C563D1ECD38570036E993 /* HomeViewController.swift */; };
		9F8C56411ECD45130036E993 /* BilibiliApi.swift in Sources */ = {isa = PBXBuildFile; fileRef = 9F8C56401ECD45130036E993 /* BilibiliApi.swift */; };
		9F8C56431ECD6BE00036E993 /* HomeViewModel.swift in Sources */ = {isa = PBXBuildFile; fileRef = 9F8C56421ECD6BE00036E993 /* HomeViewModel.swift */; };
		9F8C56451ECD729A0036E993 /* HomeModel.swift in Sources */ = {isa = PBXBuildFile; fileRef = 9F8C56441ECD729A0036E993 /* HomeModel.swift */; };
		9F8C56471ECD76730036E993 /* baseModel.swift in Sources */ = {isa = PBXBuildFile; fileRef = 9F8C56461ECD76730036E993 /* baseModel.swift */; };
		9FBF6F4F1ED57376008316B2 /* LiveRoomViewController.swift in Sources */ = {isa = PBXBuildFile; fileRef = 9FBF6F4E1ED57376008316B2 /* LiveRoomViewController.swift */; };
		9FBF6F511ED576FC008316B2 /* PlayView.swift in Sources */ = {isa = PBXBuildFile; fileRef = 9FBF6F501ED576FC008316B2 /* PlayView.swift */; };
		9FF9F2B11EC18923009F9B7E /* AppDelegate.swift in Sources */ = {isa = PBXBuildFile; fileRef = 9FF9F2B01EC18923009F9B7E /* AppDelegate.swift */; };
		9FF9F2B31EC18923009F9B7E /* ViewController.swift in Sources */ = {isa = PBXBuildFile; fileRef = 9FF9F2B21EC18923009F9B7E /* ViewController.swift */; };
		DF806602A9C61EF6B52089E8 /* Pods_bilibili.framework in Frameworks */ = {isa = PBXBuildFile; fileRef = 89C50DBA076E2EE3AE482B01 /* Pods_bilibili.framework */; };
/* End PBXBuildFile section */

/* Begin PBXFileReference section */
		68E6BE21B0B1B95F57D159A2 /* Pods-bilibili.debug.xcconfig */ = {isa = PBXFileReference; includeInIndex = 1; lastKnownFileType = text.xcconfig; name = "Pods-bilibili.debug.xcconfig"; path = "Pods/Target Support Files/Pods-bilibili/Pods-bilibili.debug.xcconfig"; sourceTree = "<group>"; };
		89C50DBA076E2EE3AE482B01 /* Pods_bilibili.framework */ = {isa = PBXFileReference; explicitFileType = wrapper.framework; includeInIndex = 0; path = Pods_bilibili.framework; sourceTree = BUILT_PRODUCTS_DIR; };
		9F1293371ECAD966009483F7 /* libz.tbd */ = {isa = PBXFileReference; lastKnownFileType = "sourcecode.text-based-dylib-definition"; name = libz.tbd; path = usr/lib/libz.tbd; sourceTree = SDKROOT; };
		9F1293391ECAD970009483F7 /* libbz2.tbd */ = {isa = PBXFileReference; lastKnownFileType = "sourcecode.text-based-dylib-definition"; name = libbz2.tbd; path = usr/lib/libbz2.tbd; sourceTree = SDKROOT; };
		9F12933B1ECAD97B009483F7 /* AudioToolbox.framework */ = {isa = PBXFileReference; lastKnownFileType = wrapper.framework; name = AudioToolbox.framework; path = System/Library/Frameworks/AudioToolbox.framework; sourceTree = SDKROOT; };
		9F12933D1ECAD985009483F7 /* AVFoundation.framework */ = {isa = PBXFileReference; lastKnownFileType = wrapper.framework; name = AVFoundation.framework; path = System/Library/Frameworks/AVFoundation.framework; sourceTree = SDKROOT; };
		9F12933F1ECAD98F009483F7 /* CoreGraphics.framework */ = {isa = PBXFileReference; lastKnownFileType = wrapper.framework; name = CoreGraphics.framework; path = System/Library/Frameworks/CoreGraphics.framework; sourceTree = SDKROOT; };
		9F1293411ECAD999009483F7 /* CoreMedia.framework */ = {isa = PBXFileReference; lastKnownFileType = wrapper.framework; name = CoreMedia.framework; path = System/Library/Frameworks/CoreMedia.framework; sourceTree = SDKROOT; };
		9F1293431ECAD9AE009483F7 /* CoreVideo.framework */ = {isa = PBXFileReference; lastKnownFileType = wrapper.framework; name = CoreVideo.framework; path = System/Library/Frameworks/CoreVideo.framework; sourceTree = SDKROOT; };
		9F1293451ECAD9CA009483F7 /* MediaPlayer.framework */ = {isa = PBXFileReference; lastKnownFileType = wrapper.framework; name = MediaPlayer.framework; path = System/Library/Frameworks/MediaPlayer.framework; sourceTree = SDKROOT; };
		9F1293471ECAD9D7009483F7 /* MobileCoreServices.framework */ = {isa = PBXFileReference; lastKnownFileType = wrapper.framework; name = MobileCoreServices.framework; path = System/Library/Frameworks/MobileCoreServices.framework; sourceTree = SDKROOT; };
		9F1293491ECAD9DF009483F7 /* OpenGLES.framework */ = {isa = PBXFileReference; lastKnownFileType = wrapper.framework; name = OpenGLES.framework; path = System/Library/Frameworks/OpenGLES.framework; sourceTree = SDKROOT; };
		9F12934B1ECAD9EC009483F7 /* QuartzCore.framework */ = {isa = PBXFileReference; lastKnownFileType = wrapper.framework; name = QuartzCore.framework; path = System/Library/Frameworks/QuartzCore.framework; sourceTree = SDKROOT; };
		9F12934D1ECAD9F2009483F7 /* UIKit.framework */ = {isa = PBXFileReference; lastKnownFileType = wrapper.framework; name = UIKit.framework; path = System/Library/Frameworks/UIKit.framework; sourceTree = SDKROOT; };
		9F12934F1ECAD9FA009483F7 /* VideoToolbox.framework */ = {isa = PBXFileReference; lastKnownFileType = wrapper.framework; name = VideoToolbox.framework; path = System/Library/Frameworks/VideoToolbox.framework; sourceTree = SDKROOT; };
		9F1293631ECAF5F9009483F7 /* bilibili-Bridging-Header.h */ = {isa = PBXFileReference; lastKnownFileType = sourcecode.c.h; path = "bilibili-Bridging-Header.h"; sourceTree = SOURCE_ROOT; };
		9F38EEA71ED5565D00CE8FB7 /* UIImage+color.swift */ = {isa = PBXFileReference; fileEncoding = 4; lastKnownFileType = sourcecode.swift; path = "UIImage+color.swift"; sourceTree = "<group>"; };
		9F38EEA91ED5576400CE8FB7 /* UIView+Frame.swift */ = {isa = PBXFileReference; fileEncoding = 4; lastKnownFileType = sourcecode.swift; path = "UIView+Frame.swift"; sourceTree = "<group>"; };
		9F598D511ECC15880068348A /* IJKMediaFramework.framework */ = {isa = PBXFileReference; lastKnownFileType = wrapper.framework; path = IJKMediaFramework.framework; sourceTree = "<group>"; };
		9F598D581ECC18C20068348A /* libstdc++.tbd */ = {isa = PBXFileReference; lastKnownFileType = "sourcecode.text-based-dylib-definition"; name = "libstdc++.tbd"; path = "usr/lib/libstdc++.tbd"; sourceTree = SDKROOT; };
		9F598D641ECC36990068348A /* SXLaunxhViewController.swift */ = {isa = PBXFileReference; fileEncoding = 4; lastKnownFileType = sourcecode.swift; path = SXLaunxhViewController.swift; sourceTree = "<group>"; };
		9F598D681ECC37460068348A /* Image.xcassets */ = {isa = PBXFileReference; lastKnownFileType = folder.assetcatalog; path = Image.xcassets; sourceTree = "<group>"; };
		9F598D701ECC4C840068348A /* SXLaunxhViewController.xib */ = {isa = PBXFileReference; fileEncoding = 4; lastKnownFileType = file.xib; path = SXLaunxhViewController.xib; sourceTree = "<group>"; };
		9F598D741ECC4FB40068348A /* Main.storyboard */ = {isa = PBXFileReference; fileEncoding = 4; lastKnownFileType = file.storyboard; path = Main.storyboard; sourceTree = "<group>"; };
		9F598D7B1ECC5A490068348A /* Home.storyboard */ = {isa = PBXFileReference; fileEncoding = 4; lastKnownFileType = file.storyboard; path = Home.storyboard; sourceTree = "<group>"; };
		9F598D7D1ECC5AA30068348A /* Category.storyboard */ = {isa = PBXFileReference; fileEncoding = 4; lastKnownFileType = file.storyboard; path = Category.storyboard; sourceTree = "<group>"; };
		9F598D7F1ECC5AB70068348A /* Pagasus.storyboard */ = {isa = PBXFileReference; fileEncoding = 4; lastKnownFileType = file.storyboard; path = Pagasus.storyboard; sourceTree = "<group>"; };
		9F598D811ECC5AC80068348A /* Discovery.storyboard */ = {isa = PBXFileReference; fileEncoding = 4; lastKnownFileType = file.storyboard; path = Discovery.storyboard; sourceTree = "<group>"; };
		9F598D831ECC5AD50068348A /* Mine.storyboard */ = {isa = PBXFileReference; fileEncoding = 4; lastKnownFileType = file.storyboard; path = Mine.storyboard; sourceTree = "<group>"; };
		9F598D861ECC60910068348A /* BaseViewController.swift */ = {isa = PBXFileReference; fileEncoding = 4; lastKnownFileType = sourcecode.swift; path = BaseViewController.swift; sourceTree = "<group>"; };
		9F598D881ECC60B60068348A /* BaseNavigationController.swift */ = {isa = PBXFileReference; fileEncoding = 4; lastKnownFileType = sourcecode.swift; path = BaseNavigationController.swift; sourceTree = "<group>"; };
		9F598D8A1ECC60DD0068348A /* BaseTabBarController.swift */ = {isa = PBXFileReference; fileEncoding = 4; lastKnownFileType = sourcecode.swift; path = BaseTabBarController.swift; sourceTree = "<group>"; };
		9F6806F41ED3E6E5003EFCBD /* LiveViewController.swift */ = {isa = PBXFileReference; fileEncoding = 4; lastKnownFileType = sourcecode.swift; path = LiveViewController.swift; sourceTree = "<group>"; };
		9F6806F61ED3FD90003EFCBD /* LiveCollectionViewCell.swift */ = {isa = PBXFileReference; fileEncoding = 4; lastKnownFileType = sourcecode.swift; path = LiveCollectionViewCell.swift; sourceTree = "<group>"; };
		9F6806F81ED40A9A003EFCBD /* extension.swift */ = {isa = PBXFileReference; fileEncoding = 4; lastKnownFileType = sourcecode.swift; path = extension.swift; sourceTree = "<group>"; };
		9F6806FA1ED410DB003EFCBD /* ViewModelType.swift */ = {isa = PBXFileReference; fileEncoding = 4; lastKnownFileType = sourcecode.swift; path = ViewModelType.swift; sourceTree = "<group>"; };
		9F6806FC1ED4158F003EFCBD /* Observable+Ext.swift */ = {isa = PBXFileReference; fileEncoding = 4; lastKnownFileType = sourcecode.swift; path = "Observable+Ext.swift"; sourceTree = "<group>"; };
		9F6806FE1ED4275B003EFCBD /* SXBilibiliNormalRefresh.swift */ = {isa = PBXFileReference; fileEncoding = 4; lastKnownFileType = sourcecode.swift; path = SXBilibiliNormalRefresh.swift; sourceTree = "<group>"; };
		9F6DDF3F1ED5BD3800BFB0C4 /* LivePortraitToolView.swift */ = {isa = PBXFileReference; fileEncoding = 4; lastKnownFileType = sourcecode.swift; path = LivePortraitToolView.swift; sourceTree = "<group>"; };
		9F6DDF411ED5BD8D00BFB0C4 /* LivePortraitToolView.xib */ = {isa = PBXFileReference; fileEncoding = 4; lastKnownFileType = file.xib; path = LivePortraitToolView.xib; sourceTree = "<group>"; };
		9F8C563D1ECD38570036E993 /* HomeViewController.swift */ = {isa = PBXFileReference; fileEncoding = 4; lastKnownFileType = sourcecode.swift; path = HomeViewController.swift; sourceTree = "<group>"; };
		9F8C56401ECD45130036E993 /* BilibiliApi.swift */ = {isa = PBXFileReference; fileEncoding = 4; lastKnownFileType = sourcecode.swift; path = BilibiliApi.swift; sourceTree = "<group>"; };
		9F8C56421ECD6BE00036E993 /* HomeViewModel.swift */ = {isa = PBXFileReference; fileEncoding = 4; lastKnownFileType = sourcecode.swift; path = HomeViewModel.swift; sourceTree = "<group>"; };
		9F8C56441ECD729A0036E993 /* HomeModel.swift */ = {isa = PBXFileReference; fileEncoding = 4; lastKnownFileType = sourcecode.swift; path = HomeModel.swift; sourceTree = "<group>"; };
		9F8C56461ECD76730036E993 /* baseModel.swift */ = {isa = PBXFileReference; fileEncoding = 4; lastKnownFileType = sourcecode.swift; path = baseModel.swift; sourceTree = "<group>"; };
		9FBF6F4E1ED57376008316B2 /* LiveRoomViewController.swift */ = {isa = PBXFileReference; fileEncoding = 4; lastKnownFileType = sourcecode.swift; path = LiveRoomViewController.swift; sourceTree = "<group>"; };
		9FBF6F501ED576FC008316B2 /* PlayView.swift */ = {isa = PBXFileReference; fileEncoding = 4; lastKnownFileType = sourcecode.swift; path = PlayView.swift; sourceTree = "<group>"; };
		9FF9F2AD1EC18923009F9B7E /* bilibili.app */ = {isa = PBXFileReference; explicitFileType = wrapper.application; includeInIndex = 0; path = bilibili.app; sourceTree = BUILT_PRODUCTS_DIR; };
		9FF9F2B01EC18923009F9B7E /* AppDelegate.swift */ = {isa = PBXFileReference; lastKnownFileType = sourcecode.swift; path = AppDelegate.swift; sourceTree = "<group>"; };
		9FF9F2B21EC18923009F9B7E /* ViewController.swift */ = {isa = PBXFileReference; lastKnownFileType = sourcecode.swift; path = ViewController.swift; sourceTree = "<group>"; };
		9FF9F2BC1EC18923009F9B7E /* Info.plist */ = {isa = PBXFileReference; lastKnownFileType = text.plist.xml; path = Info.plist; sourceTree = "<group>"; };
		F587626F2545A3D7D5F3D372 /* Pods-bilibili.release.xcconfig */ = {isa = PBXFileReference; includeInIndex = 1; lastKnownFileType = text.xcconfig; name = "Pods-bilibili.release.xcconfig"; path = "Pods/Target Support Files/Pods-bilibili/Pods-bilibili.release.xcconfig"; sourceTree = "<group>"; };
/* End PBXFileReference section */

/* Begin PBXFrameworksBuildPhase section */
		9FF9F2AA1EC18923009F9B7E /* Frameworks */ = {
			isa = PBXFrameworksBuildPhase;
			buildActionMask = 2147483647;
			files = (
				9F598D591ECC18C20068348A /* libstdc++.tbd in Frameworks */,
				9F12935D1ECAF48F009483F7 /* MediaPlayer.framework in Frameworks */,
				9F12935E1ECAF48F009483F7 /* MobileCoreServices.framework in Frameworks */,
				9F12935F1ECAF48F009483F7 /* OpenGLES.framework in Frameworks */,
				9F598D521ECC15880068348A /* IJKMediaFramework.framework in Frameworks */,
				9F1293601ECAF48F009483F7 /* QuartzCore.framework in Frameworks */,
				9F1293611ECAF48F009483F7 /* UIKit.framework in Frameworks */,
				9F1293621ECAF48F009483F7 /* VideoToolbox.framework in Frameworks */,
				9F12935C1ECAF466009483F7 /* libbz2.tbd in Frameworks */,
				9F12935B1ECAF45D009483F7 /* libz.tbd in Frameworks */,
				9F1293581ECAF455009483F7 /* CoreGraphics.framework in Frameworks */,
				9F1293591ECAF455009483F7 /* CoreMedia.framework in Frameworks */,
				9F12935A1ECAF455009483F7 /* CoreVideo.framework in Frameworks */,
				9F1293571ECAF426009483F7 /* AVFoundation.framework in Frameworks */,
				9F1293561ECAF41C009483F7 /* AudioToolbox.framework in Frameworks */,
				DF806602A9C61EF6B52089E8 /* Pods_bilibili.framework in Frameworks */,
			);
			runOnlyForDeploymentPostprocessing = 0;
		};
/* End PBXFrameworksBuildPhase section */

/* Begin PBXGroup section */
		024F15A1546D7FC7BCEABD3A /* Pods */ = {
			isa = PBXGroup;
			children = (
				68E6BE21B0B1B95F57D159A2 /* Pods-bilibili.debug.xcconfig */,
				F587626F2545A3D7D5F3D372 /* Pods-bilibili.release.xcconfig */,
			);
			name = Pods;
			sourceTree = "<group>";
		};
		9F598D5E1ECC35670068348A /* Launch（启动页） */ = {
			isa = PBXGroup;
			children = (
				9F598D641ECC36990068348A /* SXLaunxhViewController.swift */,
				9F598D701ECC4C840068348A /* SXLaunxhViewController.xib */,
			);
			name = "Launch（启动页）";
			sourceTree = "<group>";
		};
		9F598D5F1ECC35BE0068348A /* Utility */ = {
			isa = PBXGroup;
			children = (
				9F38EEA91ED5576400CE8FB7 /* UIView+Frame.swift */,
				9F1293631ECAF5F9009483F7 /* bilibili-Bridging-Header.h */,
				9F6806FC1ED4158F003EFCBD /* Observable+Ext.swift */,
				9F6806F81ED40A9A003EFCBD /* extension.swift */,
				9F38EEA71ED5565D00CE8FB7 /* UIImage+color.swift */,
				9F8C563F1ECD44970036E993 /* NetWorking */,
				9F6806FE1ED4275B003EFCBD /* SXBilibiliNormalRefresh.swift */,
			);
			name = Utility;
			sourceTree = "<group>";
		};
		9F598D601ECC35CB0068348A /* Common */ = {
			isa = PBXGroup;
			children = (
				9F598D631ECC36120068348A /* Framework */,
			);
			name = Common;
			sourceTree = "<group>";
		};
		9F598D611ECC35DB0068348A /* Feature */ = {
			isa = PBXGroup;
			children = (
				9FF9F2B01EC18923009F9B7E /* AppDelegate.swift */,
				9F598D741ECC4FB40068348A /* Main.storyboard */,
				9F598D7B1ECC5A490068348A /* Home.storyboard */,
				9F598D7D1ECC5AA30068348A /* Category.storyboard */,
				9F598D7F1ECC5AB70068348A /* Pagasus.storyboard */,
				9F598D811ECC5AC80068348A /* Discovery.storyboard */,
				9F598D831ECC5AD50068348A /* Mine.storyboard */,
				9FF9F2B21EC18923009F9B7E /* ViewController.swift */,
				9F598D851ECC60610068348A /* Base */,
				9F598D5E1ECC35670068348A /* Launch（启动页） */,
				9F598D761ECC58220068348A /* Home（首页） */,
			);
			name = Feature;
			sourceTree = "<group>";
		};
		9F598D621ECC35E70068348A /* Resource */ = {
			isa = PBXGroup;
			children = (
				9F598D681ECC37460068348A /* Image.xcassets */,
				9FF9F2BC1EC18923009F9B7E /* Info.plist */,
			);
			name = Resource;
			sourceTree = "<group>";
		};
		9F598D631ECC36120068348A /* Framework */ = {
			isa = PBXGroup;
			children = (
				9F598D511ECC15880068348A /* IJKMediaFramework.framework */,
			);
			name = Framework;
			sourceTree = "<group>";
		};
		9F598D761ECC58220068348A /* Home（首页） */ = {
			isa = PBXGroup;
			children = (
				9F598D781ECC585C0068348A /* Model */,
				9F598D791ECC58620068348A /* View */,
				9F598D771ECC584F0068348A /* VC */,
				9F598D7A1ECC58720068348A /* ViewModel */,
			);
			name = "Home（首页）";
			sourceTree = "<group>";
		};
		9F598D771ECC584F0068348A /* VC */ = {
			isa = PBXGroup;
			children = (
				9F8C563D1ECD38570036E993 /* HomeViewController.swift */,
				9F6806F41ED3E6E5003EFCBD /* LiveViewController.swift */,
				9FBF6F4E1ED57376008316B2 /* LiveRoomViewController.swift */,
			);
			name = VC;
			sourceTree = "<group>";
		};
		9F598D781ECC585C0068348A /* Model */ = {
			isa = PBXGroup;
			children = (
				9F8C56441ECD729A0036E993 /* HomeModel.swift */,
			);
			name = Model;
			sourceTree = "<group>";
		};
		9F598D791ECC58620068348A /* View */ = {
			isa = PBXGroup;
			children = (
				9F6806F61ED3FD90003EFCBD /* LiveCollectionViewCell.swift */,
				9FBF6F501ED576FC008316B2 /* PlayView.swift */,
				9F6DDF3F1ED5BD3800BFB0C4 /* LivePortraitToolView.swift */,
				9F6DDF411ED5BD8D00BFB0C4 /* LivePortraitToolView.xib */,
			);
			name = View;
			sourceTree = "<group>";
		};
		9F598D7A1ECC58720068348A /* ViewModel */ = {
			isa = PBXGroup;
			children = (
				9F8C56421ECD6BE00036E993 /* HomeViewModel.swift */,
			);
			name = ViewModel;
			sourceTree = "<group>";
		};
		9F598D851ECC60610068348A /* Base */ = {
			isa = PBXGroup;
			children = (
				9F6806FA1ED410DB003EFCBD /* ViewModelType.swift */,
				9F598D861ECC60910068348A /* BaseViewController.swift */,
				9F598D881ECC60B60068348A /* BaseNavigationController.swift */,
				9F598D8A1ECC60DD0068348A /* BaseTabBarController.swift */,
				9F8C56461ECD76730036E993 /* baseModel.swift */,
			);
			name = Base;
			sourceTree = "<group>";
		};
		9F8C563F1ECD44970036E993 /* NetWorking */ = {
			isa = PBXGroup;
			children = (
				9F8C56401ECD45130036E993 /* BilibiliApi.swift */,
			);
			name = NetWorking;
			sourceTree = "<group>";
		};
		9FF9F2A41EC18923009F9B7E = {
			isa = PBXGroup;
			children = (
				9FF9F2AF1EC18923009F9B7E /* bilibili */,
				9FF9F2AE1EC18923009F9B7E /* Products */,
				024F15A1546D7FC7BCEABD3A /* Pods */,
				E5DF6A0C84A8EF27324EA2F0 /* Frameworks */,
			);
			sourceTree = "<group>";
		};
		9FF9F2AE1EC18923009F9B7E /* Products */ = {
			isa = PBXGroup;
			children = (
				9FF9F2AD1EC18923009F9B7E /* bilibili.app */,
			);
			name = Products;
			sourceTree = "<group>";
		};
		9FF9F2AF1EC18923009F9B7E /* bilibili */ = {
			isa = PBXGroup;
			children = (
				9F598D5F1ECC35BE0068348A /* Utility */,
				9F598D601ECC35CB0068348A /* Common */,
				9F598D611ECC35DB0068348A /* Feature */,
				9F598D621ECC35E70068348A /* Resource */,
			);
			path = bilibili;
			sourceTree = "<group>";
		};
		E5DF6A0C84A8EF27324EA2F0 /* Frameworks */ = {
			isa = PBXGroup;
			children = (
				9F598D581ECC18C20068348A /* libstdc++.tbd */,
				9F12934F1ECAD9FA009483F7 /* VideoToolbox.framework */,
				9F12934D1ECAD9F2009483F7 /* UIKit.framework */,
				9F12934B1ECAD9EC009483F7 /* QuartzCore.framework */,
				9F1293491ECAD9DF009483F7 /* OpenGLES.framework */,
				9F1293471ECAD9D7009483F7 /* MobileCoreServices.framework */,
				9F1293451ECAD9CA009483F7 /* MediaPlayer.framework */,
				9F1293431ECAD9AE009483F7 /* CoreVideo.framework */,
				9F1293411ECAD999009483F7 /* CoreMedia.framework */,
				9F12933F1ECAD98F009483F7 /* CoreGraphics.framework */,
				9F12933D1ECAD985009483F7 /* AVFoundation.framework */,
				9F12933B1ECAD97B009483F7 /* AudioToolbox.framework */,
				9F1293391ECAD970009483F7 /* libbz2.tbd */,
				9F1293371ECAD966009483F7 /* libz.tbd */,
				89C50DBA076E2EE3AE482B01 /* Pods_bilibili.framework */,
			);
			name = Frameworks;
			sourceTree = "<group>";
		};
/* End PBXGroup section */

/* Begin PBXNativeTarget section */
		9FF9F2AC1EC18923009F9B7E /* bilibili */ = {
			isa = PBXNativeTarget;
			buildConfigurationList = 9FF9F2BF1EC18923009F9B7E /* Build configuration list for PBXNativeTarget "bilibili" */;
			buildPhases = (
				20CAC9229DDF09075E6FDA47 /* [CP] Check Pods Manifest.lock */,
				9FF9F2A91EC18923009F9B7E /* Sources */,
				9FF9F2AA1EC18923009F9B7E /* Frameworks */,
				9FF9F2AB1EC18923009F9B7E /* Resources */,
				281FAE8E773BA28014235F71 /* [CP] Embed Pods Frameworks */,
				8B527911BD3F2B1AFC6B9935 /* [CP] Copy Pods Resources */,
			);
			buildRules = (
			);
			dependencies = (
			);
			name = bilibili;
			productName = bilibili;
			productReference = 9FF9F2AD1EC18923009F9B7E /* bilibili.app */;
			productType = "com.apple.product-type.application";
		};
/* End PBXNativeTarget section */

/* Begin PBXProject section */
		9FF9F2A51EC18923009F9B7E /* Project object */ = {
			isa = PBXProject;
			attributes = {
				LastSwiftUpdateCheck = 0830;
				LastUpgradeCheck = 0830;
				ORGANIZATIONNAME = sunxianglong;
				TargetAttributes = {
					9FF9F2AC1EC18923009F9B7E = {
						CreatedOnToolsVersion = 8.3;
						LastSwiftMigration = 0830;
						ProvisioningStyle = Manual;
					};
				};
			};
			buildConfigurationList = 9FF9F2A81EC18923009F9B7E /* Build configuration list for PBXProject "bilibili" */;
			compatibilityVersion = "Xcode 3.2";
			developmentRegion = English;
			hasScannedForEncodings = 0;
			knownRegions = (
				en,
				Base,
			);
			mainGroup = 9FF9F2A41EC18923009F9B7E;
			productRefGroup = 9FF9F2AE1EC18923009F9B7E /* Products */;
			projectDirPath = "";
			projectRoot = "";
			targets = (
				9FF9F2AC1EC18923009F9B7E /* bilibili */,
			);
		};
/* End PBXProject section */

/* Begin PBXResourcesBuildPhase section */
		9FF9F2AB1EC18923009F9B7E /* Resources */ = {
			isa = PBXResourcesBuildPhase;
			buildActionMask = 2147483647;
			files = (
				9F598D7E1ECC5AA30068348A /* Category.storyboard in Resources */,
				9F598D801ECC5AB70068348A /* Pagasus.storyboard in Resources */,
				9F598D691ECC37460068348A /* Image.xcassets in Resources */,
				9F598D841ECC5AD50068348A /* Mine.storyboard in Resources */,
				9F6DDF421ED5BD8D00BFB0C4 /* LivePortraitToolView.xib in Resources */,
				9F598D821ECC5AC80068348A /* Discovery.storyboard in Resources */,
				9F598D7C1ECC5A490068348A /* Home.storyboard in Resources */,
				9F598D711ECC4C840068348A /* SXLaunxhViewController.xib in Resources */,
				9F598D751ECC4FB40068348A /* Main.storyboard in Resources */,
			);
			runOnlyForDeploymentPostprocessing = 0;
		};
/* End PBXResourcesBuildPhase section */

/* Begin PBXShellScriptBuildPhase section */
		20CAC9229DDF09075E6FDA47 /* [CP] Check Pods Manifest.lock */ = {
			isa = PBXShellScriptBuildPhase;
			buildActionMask = 2147483647;
			files = (
			);
			inputPaths = (
			);
			name = "[CP] Check Pods Manifest.lock";
			outputPaths = (
			);
			runOnlyForDeploymentPostprocessing = 0;
			shellPath = /bin/sh;
			shellScript = "diff \"${PODS_ROOT}/../Podfile.lock\" \"${PODS_ROOT}/Manifest.lock\" > /dev/null\nif [ $? != 0 ] ; then\n    # print error to STDERR\n    echo \"error: The sandbox is not in sync with the Podfile.lock. Run 'pod install' or update your CocoaPods installation.\" >&2\n    exit 1\nfi\n";
			showEnvVarsInLog = 0;
		};
		281FAE8E773BA28014235F71 /* [CP] Embed Pods Frameworks */ = {
			isa = PBXShellScriptBuildPhase;
			buildActionMask = 2147483647;
			files = (
			);
			inputPaths = (
			);
			name = "[CP] Embed Pods Frameworks";
			outputPaths = (
			);
			runOnlyForDeploymentPostprocessing = 0;
			shellPath = /bin/sh;
			shellScript = "\"${SRCROOT}/Pods/Target Support Files/Pods-bilibili/Pods-bilibili-frameworks.sh\"\n";
			showEnvVarsInLog = 0;
		};
		8B527911BD3F2B1AFC6B9935 /* [CP] Copy Pods Resources */ = {
			isa = PBXShellScriptBuildPhase;
			buildActionMask = 2147483647;
			files = (
			);
			inputPaths = (
			);
			name = "[CP] Copy Pods Resources";
			outputPaths = (
			);
			runOnlyForDeploymentPostprocessing = 0;
			shellPath = /bin/sh;
			shellScript = "\"${SRCROOT}/Pods/Target Support Files/Pods-bilibili/Pods-bilibili-resources.sh\"\n";
			showEnvVarsInLog = 0;
		};
/* End PBXShellScriptBuildPhase section */

/* Begin PBXSourcesBuildPhase section */
		9FF9F2A91EC18923009F9B7E /* Sources */ = {
			isa = PBXSourcesBuildPhase;
			buildActionMask = 2147483647;
			files = (
				9F6806FD1ED4158F003EFCBD /* Observable+Ext.swift in Sources */,
				9FF9F2B31EC18923009F9B7E /* ViewController.swift in Sources */,
				9F6806F91ED40A9A003EFCBD /* extension.swift in Sources */,
				9F6DDF401ED5BD3800BFB0C4 /* LivePortraitToolView.swift in Sources */,
				9FBF6F511ED576FC008316B2 /* PlayView.swift in Sources */,
				9F8C56431ECD6BE00036E993 /* HomeViewModel.swift in Sources */,
				9F38EEAA1ED5576400CE8FB7 /* UIView+Frame.swift in Sources */,
				9F598D871ECC60910068348A /* BaseViewController.swift in Sources */,
				9F598D8B1ECC60DD0068348A /* BaseTabBarController.swift in Sources */,
				9FF9F2B11EC18923009F9B7E /* AppDelegate.swift in Sources */,
				9F6806F71ED3FD90003EFCBD /* LiveCollectionViewCell.swift in Sources */,
				9F598D891ECC60B60068348A /* BaseNavigationController.swift in Sources */,
				9F38EEA81ED5565D00CE8FB7 /* UIImage+color.swift in Sources */,
				9F6806FB1ED410DB003EFCBD /* ViewModelType.swift in Sources */,
				9F8C563E1ECD38570036E993 /* HomeViewController.swift in Sources */,
				9F8C56411ECD45130036E993 /* BilibiliApi.swift in Sources */,
				9F8C56451ECD729A0036E993 /* HomeModel.swift in Sources */,
				9FBF6F4F1ED57376008316B2 /* LiveRoomViewController.swift in Sources */,
				9F598D661ECC36990068348A /* SXLaunxhViewController.swift in Sources */,
				9F6806F51ED3E6E5003EFCBD /* LiveViewController.swift in Sources */,
				9F6806FF1ED4275B003EFCBD /* SXBilibiliNormalRefresh.swift in Sources */,
				9F8C56471ECD76730036E993 /* baseModel.swift in Sources */,
			);
			runOnlyForDeploymentPostprocessing = 0;
		};
/* End PBXSourcesBuildPhase section */

/* Begin XCBuildConfiguration section */
		9FF9F2BD1EC18923009F9B7E /* Debug */ = {
			isa = XCBuildConfiguration;
			buildSettings = {
				ALWAYS_SEARCH_USER_PATHS = NO;
				CLANG_ANALYZER_NONNULL = YES;
				CLANG_ANALYZER_NUMBER_OBJECT_CONVERSION = YES_AGGRESSIVE;
				CLANG_CXX_LANGUAGE_STANDARD = "gnu++0x";
				CLANG_CXX_LIBRARY = "libc++";
				CLANG_ENABLE_MODULES = YES;
				CLANG_ENABLE_OBJC_ARC = YES;
				CLANG_WARN_BOOL_CONVERSION = YES;
				CLANG_WARN_CONSTANT_CONVERSION = YES;
				CLANG_WARN_DIRECT_OBJC_ISA_USAGE = YES_ERROR;
				CLANG_WARN_DOCUMENTATION_COMMENTS = YES;
				CLANG_WARN_EMPTY_BODY = YES;
				CLANG_WARN_ENUM_CONVERSION = YES;
				CLANG_WARN_INFINITE_RECURSION = YES;
				CLANG_WARN_INT_CONVERSION = YES;
				CLANG_WARN_OBJC_ROOT_CLASS = YES_ERROR;
				CLANG_WARN_SUSPICIOUS_MOVE = YES;
				CLANG_WARN_UNREACHABLE_CODE = YES;
				CLANG_WARN__DUPLICATE_METHOD_MATCH = YES;
				"CODE_SIGN_IDENTITY[sdk=iphoneos*]" = "iPhone Developer";
				COPY_PHASE_STRIP = NO;
				DEBUG_INFORMATION_FORMAT = dwarf;
				ENABLE_STRICT_OBJC_MSGSEND = YES;
				ENABLE_TESTABILITY = YES;
				GCC_C_LANGUAGE_STANDARD = gnu99;
				GCC_DYNAMIC_NO_PIC = NO;
				GCC_NO_COMMON_BLOCKS = YES;
				GCC_OPTIMIZATION_LEVEL = 0;
				GCC_PREPROCESSOR_DEFINITIONS = (
					"DEBUG=1",
					"$(inherited)",
				);
				GCC_WARN_64_TO_32_BIT_CONVERSION = YES;
				GCC_WARN_ABOUT_RETURN_TYPE = YES_ERROR;
				GCC_WARN_UNDECLARED_SELECTOR = YES;
				GCC_WARN_UNINITIALIZED_AUTOS = YES_AGGRESSIVE;
				GCC_WARN_UNUSED_FUNCTION = YES;
				GCC_WARN_UNUSED_VARIABLE = YES;
				IPHONEOS_DEPLOYMENT_TARGET = 10.3;
				MTL_ENABLE_DEBUG_INFO = YES;
				ONLY_ACTIVE_ARCH = YES;
				SDKROOT = iphoneos;
				SWIFT_ACTIVE_COMPILATION_CONDITIONS = DEBUG;
				SWIFT_OPTIMIZATION_LEVEL = "-Onone";
			};
			name = Debug;
		};
		9FF9F2BE1EC18923009F9B7E /* Release */ = {
			isa = XCBuildConfiguration;
			buildSettings = {
				ALWAYS_SEARCH_USER_PATHS = NO;
				CLANG_ANALYZER_NONNULL = YES;
				CLANG_ANALYZER_NUMBER_OBJECT_CONVERSION = YES_AGGRESSIVE;
				CLANG_CXX_LANGUAGE_STANDARD = "gnu++0x";
				CLANG_CXX_LIBRARY = "libc++";
				CLANG_ENABLE_MODULES = YES;
				CLANG_ENABLE_OBJC_ARC = YES;
				CLANG_WARN_BOOL_CONVERSION = YES;
				CLANG_WARN_CONSTANT_CONVERSION = YES;
				CLANG_WARN_DIRECT_OBJC_ISA_USAGE = YES_ERROR;
				CLANG_WARN_DOCUMENTATION_COMMENTS = YES;
				CLANG_WARN_EMPTY_BODY = YES;
				CLANG_WARN_ENUM_CONVERSION = YES;
				CLANG_WARN_INFINITE_RECURSION = YES;
				CLANG_WARN_INT_CONVERSION = YES;
				CLANG_WARN_OBJC_ROOT_CLASS = YES_ERROR;
				CLANG_WARN_SUSPICIOUS_MOVE = YES;
				CLANG_WARN_UNREACHABLE_CODE = YES;
				CLANG_WARN__DUPLICATE_METHOD_MATCH = YES;
				"CODE_SIGN_IDENTITY[sdk=iphoneos*]" = "iPhone Developer";
				COPY_PHASE_STRIP = NO;
				DEBUG_INFORMATION_FORMAT = "dwarf-with-dsym";
				ENABLE_NS_ASSERTIONS = NO;
				ENABLE_STRICT_OBJC_MSGSEND = YES;
				GCC_C_LANGUAGE_STANDARD = gnu99;
				GCC_NO_COMMON_BLOCKS = YES;
				GCC_WARN_64_TO_32_BIT_CONVERSION = YES;
				GCC_WARN_ABOUT_RETURN_TYPE = YES_ERROR;
				GCC_WARN_UNDECLARED_SELECTOR = YES;
				GCC_WARN_UNINITIALIZED_AUTOS = YES_AGGRESSIVE;
				GCC_WARN_UNUSED_FUNCTION = YES;
				GCC_WARN_UNUSED_VARIABLE = YES;
				IPHONEOS_DEPLOYMENT_TARGET = 10.3;
				MTL_ENABLE_DEBUG_INFO = NO;
				SDKROOT = iphoneos;
				SWIFT_OPTIMIZATION_LEVEL = "-Owholemodule";
				VALIDATE_PRODUCT = YES;
			};
			name = Release;
		};
		9FF9F2C01EC18923009F9B7E /* Debug */ = {
			isa = XCBuildConfiguration;
			baseConfigurationReference = 68E6BE21B0B1B95F57D159A2 /* Pods-bilibili.debug.xcconfig */;
			buildSettings = {
				ASSETCATALOG_COMPILER_APPICON_NAME = AppIcon;
				ASSETCATALOG_COMPILER_LAUNCHIMAGE_NAME = LaunchImage;
				CLANG_ENABLE_MODULES = YES;
				DEVELOPMENT_TEAM = "";
				FRAMEWORK_SEARCH_PATHS = (
					"$(inherited)",
					"$(PROJECT_DIR)/bilibili",
				);
				HEADER_SEARCH_PATHS = "";
				INFOPLIST_FILE = bilibili/Info.plist;
				IPHONEOS_DEPLOYMENT_TARGET = 9.0;
				LD_RUNPATH_SEARCH_PATHS = "$(inherited) @executable_path/Frameworks";
				LIBRARY_SEARCH_PATHS = "";
				OTHER_LDFLAGS = (
					"$(inherited)",
					"-framework",
					"\"Alamofire\"",
					"-framework",
					"\"DGElasticPullToRefresh\"",
					"-framework",
					"\"Kingfisher\"",
					"-framework",
					"\"MJRefresh\"",
					"-framework",
					"\"Moya\"",
					"-framework",
					"\"PKHUD\"",
					"-framework",
					"\"ReactiveSwift\"",
					"-framework",
					"\"Result\"",
					"-framework",
					"\"RxCocoa\"",
					"-framework",
					"\"RxSwift\"",
					"-framework",
					"\"SwiftyJSON\"",
				);
				PRODUCT_BUNDLE_IDENTIFIER = com.sunxianglong.www.bilibili;
				PRODUCT_NAME = "$(TARGET_NAME)";
				PROVISIONING_PROFILE_SPECIFIER = "";
				SWIFT_OBJC_BRIDGING_HEADER = "bilibili-Bridging-Header.h";
				SWIFT_OPTIMIZATION_LEVEL = "-Onone";
				SWIFT_VERSION = 3.0;
			};
			name = Debug;
		};
		9FF9F2C11EC18923009F9B7E /* Release */ = {
			isa = XCBuildConfiguration;
			baseConfigurationReference = F587626F2545A3D7D5F3D372 /* Pods-bilibili.release.xcconfig */;
			buildSettings = {
				ASSETCATALOG_COMPILER_APPICON_NAME = AppIcon;
				ASSETCATALOG_COMPILER_LAUNCHIMAGE_NAME = LaunchImage;
				CLANG_ENABLE_MODULES = YES;
				DEVELOPMENT_TEAM = "";
				FRAMEWORK_SEARCH_PATHS = (
					"$(inherited)",
					"$(PROJECT_DIR)/bilibili",
					"$(PROJECT_DIR)/bilibili/IJKMediaFramework",
				);
				HEADER_SEARCH_PATHS = "";
				INFOPLIST_FILE = bilibili/Info.plist;
				IPHONEOS_DEPLOYMENT_TARGET = 9.0;
				LD_RUNPATH_SEARCH_PATHS = "$(inherited) @executable_path/Frameworks";
				LIBRARY_SEARCH_PATHS = "";
				OTHER_LDFLAGS = (
					"$(inherited)",
					"-framework",
					"\"Alamofire\"",
					"-framework",
					"\"DGElasticPullToRefresh\"",
					"-framework",
					"\"Kingfisher\"",
					"-framework",
					"\"MJRefresh\"",
					"-framework",
					"\"Moya\"",
					"-framework",
					"\"PKHUD\"",
					"-framework",
					"\"ReactiveSwift\"",
					"-framework",
					"\"Result\"",
					"-framework",
					"\"RxCocoa\"",
					"-framework",
					"\"RxSwift\"",
					"-framework",
					"\"SwiftyJSON\"",
				);
				PRODUCT_BUNDLE_IDENTIFIER = com.sunxianglong.www.bilibili;
				PRODUCT_NAME = "$(TARGET_NAME)";
				PROVISIONING_PROFILE_SPECIFIER = "";
				SWIFT_OBJC_BRIDGING_HEADER = "bilibili-Bridging-Header.h";
				SWIFT_VERSION = 3.0;
			};
			name = Release;
		};
/* End XCBuildConfiguration section */

/* Begin XCConfigurationList section */
		9FF9F2A81EC18923009F9B7E /* Build configuration list for PBXProject "bilibili" */ = {
			isa = XCConfigurationList;
			buildConfigurations = (
				9FF9F2BD1EC18923009F9B7E /* Debug */,
				9FF9F2BE1EC18923009F9B7E /* Release */,
			);
			defaultConfigurationIsVisible = 0;
			defaultConfigurationName = Release;
		};
		9FF9F2BF1EC18923009F9B7E /* Build configuration list for PBXNativeTarget "bilibili" */ = {
			isa = XCConfigurationList;
			buildConfigurations = (
				9FF9F2C01EC18923009F9B7E /* Debug */,
				9FF9F2C11EC18923009F9B7E /* Release */,
			);
			defaultConfigurationIsVisible = 0;
			defaultConfigurationName = Release;
		};
/* End XCConfigurationList section */
	};
	rootObject = 9FF9F2A51EC18923009F9B7E /* Project object */;
}
